{
    "_meta": {
        "hash": {
            "sha256": "d1b8a6b0e80be98216a6410b82bc8d521baa3cee8b7e337a31eb703b43e41ced"
        },
        "pipfile-spec": 6,
        "requires": {
            "python_version": "3.11"
        },
        "sources": [
            {
                "name": "pypi",
                "url": "https://pypi.org/simple",
                "verify_ssl": true
            }
        ]
    },
    "default": {
        "glcontext": {
            "hashes": [
                "sha256:03b3925472771607d13feb9a0de93b04408ae86c91eee3f5e09e43744f90b1af",
                "sha256:03b505fc8ce2dfcf800feac0e20cbb7b1899a5ef7407fa0cccb3267a5b2abbdb",
                "sha256:058bf839884b5d5d8488978ed804023be64fc9bafb674a0ede1ba26c05bd9146",
                "sha256:088482e07aed6229a34fbb1d0c5fbe0ad9c413dbddb5eaaa8e5c83d933cbe8d6",
                "sha256:0961811d85ac551b1ce1f197296a8e5f497b35a149cfc6e128f74dfaef5e592f",
                "sha256:155154084bdedfc8904524d8bd212e5896cc5d5caf1d45c19d13dc34aee4b5ab",
                "sha256:1716d21d423a1a2261cd717bc66714eeb5464d6a061b92678f356ca69cfd1255",
                "sha256:1f1656e931c937f8bdce12c551fa0077db814b123e7f16b6db26e1e7c89dae16",
                "sha256:2fae2d4bcb0564e0eb8e72c97e149faebfad369aeaef74ed7fd17f5f84a07428",
                "sha256:376e12d230fd198a329dfe253b41480b0a015a2dabbac5eecf6b279fe3afb1b3",
                "sha256:3dc6a6133bffc33cb75bbc79dc08bd1e206017ac69ec68f703227aaf5f5129bb",
                "sha256:3ff822473d498d606424f92a341d01121562af35bf1d3d0e2ccd1f9c2f86859b",
                "sha256:440ff5f59f318ce495c6bdddfa01a23dd64713fb960ceb87c3a9423745781d47",
                "sha256:44f7dbf800e6f933a5c56e07b18ef70f44949f34bf57f5d5318e2199c12cbfbc",
                "sha256:46ef33b616027a616dcceba33bc48e589ba24fa84ee43c5b8611c5b57d2dace3",
                "sha256:4d18b3e9e9259595dd5c538c1fd9238f8b26c22d6351397e721ef8a89ad55f12",
                "sha256:51e04b162529f99c7b764129e07aaa3ec8edfc63ca7a212b71e348319f8b821b",
                "sha256:59580776fd7e520995b82a6134c8ca7152a7881e174077fc785f4cc69c476d69",
                "sha256:5a4cc4fef74dcab0b428ef750fad3c05311657ffb4f1dd3d4afa75e664551588",
                "sha256:65bf63b2068e13183e34a4beaf921f20cd144a25cebed0fa9a46f25e8b47577d",
                "sha256:6df4cf354adb911a9ca58bc5c60fb1ae27544527878bc3ddf8f7ea56946c6fcc",
                "sha256:755698083c6119e771ea3f5837143324636700e1e5b397885c05085a837d5876",
                "sha256:79e561b67e606b6e13ba58e6ae3e688e3429dbb5d60e551ba40d649432044f37",
                "sha256:7dc827f119ccc3ea55b7bec73573516117c55319edc93bc2bbcf389bf1e7acfe",
                "sha256:82eff3e5664c5a17fc0cbb1dae2c32088cdd3c3bfbfe4b9c71012275c2a63e8e",
                "sha256:84dc3b831af386cb20cae8fb10ac78d8007bb29118730db2e9f21c329a528028",
                "sha256:867fe03c1c241d2416b719e23d1671537e34e03bab741dcc50d49298c1397073",
                "sha256:87c90b525296c4930b1f74bf460b97af052c3cc9ba47d811f416ed82e1b16b03",
                "sha256:891b56a3bbaf3470595c218e847e79448e95cecb412224c8585da640c61cf29a",
                "sha256:89869925f4e1762878561fa1e3cbd1ee5ce73e5597275b5fc8bc054dd894fca4",
                "sha256:8aa90a648f17bacacef95b09a5fab368e8feff3714fc4b81eb9374bd439850e6",
                "sha256:8ece87d8616bf12e55a08a05159f4303c8b82d348c2c43c7297c85d8e95dfa3e",
                "sha256:94e47dd8cf39cabe20b41dd0c4c6589f0c7a4de2a5bad8e51ab0fc0b4a26ae6b",
                "sha256:a22a3fbb3abefd7a9f5a672af8fccb8d8d996b2eae2075ac9d8ca10f4a6f6653",
                "sha256:a349317c9d634aa56e30aae9ad408bc1b9de281af0e4f87de682b454ebaf540e",
                "sha256:ab8147607af85fc2ec2e02b4364ff36b636f63781295e74220dc5c5856794e07",
                "sha256:ae930d226f9145ec580f3fe10fc23262b8c21a6a0cd6fbc081a6606e9000ce74",
                "sha256:b5dcd68b23b1a549a3b0851d3621630e492ff9015a18f29f2512088b4e03e4d9",
                "sha256:b85c873315741dbc208c199cbe449aa77d1831551dd78d9b3d67e0a6f9eb576d",
                "sha256:bb2d0503f45ad85ca7319bd37fd983e374b3f824c38a450b5f72cfc974114156",
                "sha256:bc906a19be96d2820dee8e681ca1d3129821eb6e5c4f1544db723edf0c0696bd",
                "sha256:cc73099fa7525a20e2021a2f2befa61e9ef306364838c1859ba79f5bd8eda33a",
                "sha256:d986976c9b758d60d966fbaf8bdff129d125e8b2c58889d2220ca96991f1071e",
                "sha256:e48550269c3baff04cc46ca79bd9d2d5a62216665751b10aa86d95ebe182d319",
                "sha256:ef0c7e534e53f14b7b09dc3fe1e207243c9bb3eb2543d9876ed253156ca7a8bf",
                "sha256:f1444229f84a7aea48ce3f1143147acee92eee264826db4c41ea38c6b0a924a9",
                "sha256:f17be52c99e3eaeefaaac780bde40bfa99be3ad32bbfed346bb347c9d0b01967",
                "sha256:f234ebcc3355155811389c320974056ce20233770205fc7cb41d8653d6137efa",
                "sha256:fa4595600a699ed13e854b87116a1519a25e47a10100df01650c1be3532bd629",
                "sha256:fd03d6d8dbfdd9bab97ada98759e345b29d50f690cec95dd01d22d02f616bfea"
            ],
            "version": "==2.3.7"
        },
        "moderngl": {
            "hashes": [
                "sha256:1ce40fb73f80c1f09f4a095adda341fdaf1b3043f219fbfe44a9da81577dde7e",
                "sha256:279486e143eb849fcab126e3ef3a1a0353bbbdb1d27a13c76335cf4ae14b2827",
                "sha256:2d572b3e8243e63efbb85bb6a90dfffe84a8d57233ff7e03cad44023a414678f",
                "sha256:2e2205402a8d0792efc380e68cb1a11218c09454e6d8d1d95fda0becb2d36a5a",
                "sha256:3012c38b882985aa1140196ba157b8d5a625add0ee0761c3c2937505b1365675",
                "sha256:310db1cc52dbcc211d957f27ca9d14f3e474657eb2d5670f03adf9221c9b1647",
                "sha256:3366be15c5aaa841239091dfa2c86c6acb09b67fa2a86552f8b4f59c0e9dae55",
                "sha256:3a850968d417fb62eb26922d2158a6748b90088db948c9499dc05cd616a845d9",
                "sha256:3ebc9016a0849edc4654e4d1935748ca2dc72427ea678aa7fc166d449e0c1db2",
                "sha256:4a16916facea2351b70db73226cef1545c43f3431d9861a7b467208898b82a0f",
                "sha256:50313b30b744c59c07a01b63ecd4efd57488ad70ece4296d8669cac6ec1f634d",
                "sha256:56b73042fb5593158b6935757c75c695673a46b74136c03c88c16af25628d998",
                "sha256:5d3fd68011186a30ab4bbcdeb5348a5bce579cbef0e849944ca875d0be70f0c2",
                "sha256:5d8ffeb7b30d001f8495f7efbcdf39a07185ad94e7f843133ce991b459d47ba6",
                "sha256:60ad02423ecc434433aa63ec0d8adbef94432e88a87ebf0853336dc3677c645e",
                "sha256:651f450ac4520cb24161096f0bcfaf10820743d48e231cf0a27a8ff4e036c450",
                "sha256:670682ad734dacb501685c62d958a849a856d01ebb6cafb639d6549e7ca4d39a",
                "sha256:67918bbc43b2f7aa37d72ba1ed2dd506d993aed8d62d9771caaf541607bd7402",
                "sha256:7400876b5ef3eb12f0e0374c48b881dd44f8aef4b3d901ffe508213949d62d0a",
                "sha256:7b9b6efe0cecb182e07f0424b9d33a969f85e39f9e6eff2d5fb05e8e9ff67750",
                "sha256:7ff301371e91dd39486c8d52a27934cc04ca3da6da16613255d3a6b69e89e621",
                "sha256:8094f14072e102272f31617b219b601dd15e5117047ba33508014f9a40b7188a",
                "sha256:8227c2986e2ce9a76314fa6271d72749e37831fa3031d0db1eccb7fcfd027f08",
                "sha256:841d8e056f188d03ab02268f96368f570c72a91ed01f8fa43e83ecbcaf80bf06",
                "sha256:88e9500293f02220d9613beb852242507de34b29639427a3b113be38941458fe",
                "sha256:96433f592a6a113a2cd236f00a306f43059580ec5109553e0f0044decd61fe0c",
                "sha256:9f19b0c201c5c2739358a68c12f0502424ed76659edaba4ea20760fc9b71d2fa",
                "sha256:9f5b909dd73a30235989685bf83e8a5b2dad435ce576669a6731bf6659076f4b",
                "sha256:a135faa1be35346a258bd59daf5307b763e4f20e32ecdd69fc0d84e5bb48adfc",
                "sha256:a37db97c20e942ec20281d320c50f8ea006d5ac4797998484a7f8fdfe9e0129b",
                "sha256:a5e25f34e3b6916f6394b3a7f10fa443a901662ecfb01c623ed9c7f87a660ed9",
                "sha256:a7e9220ce5447e050adaaea42abf2b48e3eae4cc4a2fc07a3827239c067c5c68",
                "sha256:a994da9d8cf3f5d9f549b02f9b9bfaeb0ce20c17e5acaa8b9737795d1bf62a28",
                "sha256:ab9d969cbed50d7f86c6da8252b4a7adc53d033a24a281cd4b00221b1b26faf2",
                "sha256:affffa368aea60fd5df0edff10d6923f74cd3f9fd7893675fe7c7bfe73517b7b",
                "sha256:b5e7d98c5bd5e840c9667cf1817c01809b83beb8f8b83c6e76bf85f10dc99b63",
                "sha256:b66c18d7f4ab7a94be3f9eb9e4ca6836ead1da502d62e81b7f7a48150e2ed391",
                "sha256:b8079fcf1a8e4df24ab2313165cc77721c7676a1c68b2e48a890d283525f6858",
                "sha256:bbb23f67bd1bb0babd67246330137bd4b9fd49557fa5ae402305685a48df3d6d",
                "sha256:bcd7de06efafa9e4cef63c942e886586fd25076867d46511aaf5aa478317c2f3",
                "sha256:c5e92e1c8af12fdf3f5fb1923412632887aa3002bdb23d46a3ff564b93cc002c",
                "sha256:cc3ed59322867afbc9edf4d96deb619e1e13bb7ef8bfc778b10adbd117f8af9b",
                "sha256:d0d9fa90957c382ebbc7011ffc29807ae914e64f2d519d974b87e583d6c07188",
                "sha256:d51c2d31decab2f3a534c04d2dfda631d9a2efc79ddb36d75e4b50747fc134f2",
                "sha256:d7362808ab3ef32b95b534de6be20f09eee23f047954dd01d3d2433faf1f0725",
                "sha256:df3c541ef9322fafebc113924a5034bb0fb3ac4afab9bd72cc6798795edbfd18",
                "sha256:e2e6378212c18b82503c82555644a12bb9087215c8ae783b655a1f3ade403285",
                "sha256:e4fc84269d26731832303c1904bd33e4692a648b26e97661c8455e4fdfc6bd17",
                "sha256:f066d9b0e743bb60e3dfa540214b4fe19c5d25f3ab7dd4f61c36fb00854fa502",
                "sha256:f140f9d9f5f11fc2a7b41324dd7bcf88c1fc9576d5b21f78b42707d835583be9"
            ],
            "index": "pypi",
            "version": "==5.8.2"
        },
        "numpy": {
            "hashes": [
                "sha256:012097b5b0d00a11070e8f2e261128c44157a8689f7dedcf35576e525893f4fe",
                "sha256:0d3fe3dd0506a28493d82dc3cf254be8cd0d26f4008a417385cbf1ae95b54004",
                "sha256:0def91f8af6ec4bb94c370e38c575855bf1d0be8a8fbfba42ef9c073faf2cf19",
                "sha256:1a180429394f81c7933634ae49b37b472d343cccb5bb0c4a575ac8bbc433722f",
                "sha256:1d5d3c68e443c90b38fdf8ef40e60e2538a27548b39b12b73132456847f4b631",
                "sha256:20e1266411120a4f16fad8efa8e0454d21d00b8c7cee5b5ccad7565d95eb42dd",
                "sha256:247d3ffdd7775bdf191f848be8d49100495114c82c2bd134e8d5d075fb386a1c",
                "sha256:35a9527c977b924042170a0887de727cd84ff179e478481404c5dc66b4170009",
                "sha256:38eb6548bb91c421261b4805dc44def9ca1a6eef6444ce35ad1669c0f1a3fc5d",
                "sha256:3d7abcdd85aea3e6cdddb59af2350c7ab1ed764397f8eec97a038ad244d2d105",
                "sha256:41a56b70e8139884eccb2f733c2f7378af06c82304959e174f8e7370af112e09",
                "sha256:4a90725800caeaa160732d6b31f3f843ebd45d6b5f3eec9e8cc287e30f2805bf",
                "sha256:6b82655dd8efeea69dbf85d00fca40013d7f503212bc5259056244961268b66e",
                "sha256:6c6c9261d21e617c6dc5eacba35cb68ec36bb72adcff0dee63f8fbc899362588",
                "sha256:77d339465dff3eb33c701430bcb9c325b60354698340229e1dff97745e6b3efa",
                "sha256:791f409064d0a69dd20579345d852c59822c6aa087f23b07b1b4e28ff5880fcb",
                "sha256:9a3a9f3a61480cc086117b426a8bd86869c213fc4072e606f01c4e4b66eb92bf",
                "sha256:c1516db588987450b85595586605742879e50dcce923e8973f79529651545b57",
                "sha256:c40571fe966393b212689aa17e32ed905924120737194b5d5c1b20b9ed0fb171",
                "sha256:d412c1697c3853c6fc3cb9751b4915859c7afe6a277c2bf00acf287d56c4e625",
                "sha256:d5154b1a25ec796b1aee12ac1b22f414f94752c5f94832f14d8d6c9ac40bcca6",
                "sha256:d736b75c3f2cb96843a5c7f8d8ccc414768d34b0a75f466c05f3a739b406f10b",
                "sha256:e8f6049c4878cb16960fbbfb22105e49d13d752d4d8371b55110941fb3b17800",
                "sha256:f76aebc3358ade9eacf9bc2bb8ae589863a4f911611694103af05346637df1b7",
                "sha256:fd67b306320dcadea700a8f79b9e671e607f8696e98ec255915c0c6d6b818503"
            ],
            "index": "pypi",
            "version": "==1.25.1"
        },
        "pygame-ce": {
            "hashes": [
                "sha256:043b05903fa86a4e6446c7deb8ec8cc8caa3e189085c2607c52bd0330aa69ca5",
                "sha256:0b4392cb06788858e98d0bb1d87e9a5afc90376a558dee14bb59ca546476ba4d",
                "sha256:0c517ceb70929c20bbeb7b0ea8e0443533473b3376070e06ee4816b0c2ffc6a2",
                "sha256:0cbc5883108396502e8abc073efa55ae16873ddfa854bd63b08b78f9034a0111",
                "sha256:15c5c3980eb20fa3bd9c659915ffa39a2cb11f33fa60a991e392035aabb0735c",
                "sha256:177557a27a048d3d9fb52ef1503a4fbb413ff1209af584c4088127d4edc0ae27",
                "sha256:257571efdbfcbe670da788d63f9de1a798db1fb41c7585bd17411a426487122f",
                "sha256:274ca5a40a62653adb28b3c72dc0257c0bc9ff0bf31d95380d3997d72b8dd10f",
                "sha256:2c577ed6fdf0aa390439a789a7447c2c234ea319a3c20261e30bce9a962428b2",
                "sha256:3bf7a3c315d255b4e96bc421100365240cee935005082b0fa5c12b099cd6ac17",
                "sha256:4b69bec388d97feb612ec4ae7ebbc027890d1de14b46823e470f317d362526e5",
                "sha256:4ec949d85e372958aae34bddef9f54ca5d079f754fcc23c951979a14b9e44817",
                "sha256:5144d98750f34d9d6ecf71640a7510413ab1609d8589af43b621f9c3337f369c",
                "sha256:5369056a08d8a6d4f901bc8fdbc20ff8a4e9fc9899c4f8b51736f2413b1fefdc",
                "sha256:610b5831c248e3b92ef40277a452992bbcf7fe4149778d99b94fd17f2d454fb7",
                "sha256:693da47bf1b587eedb9748ad2c92f69049687df2fbfabcf65685dcaa4642ea2f",
                "sha256:6bcab98cb17894a2e87bff5d22161cdd2e8852f62cc013888c012bb0dc2613ed",
                "sha256:6c023b58dd5991477d3535b950ec0eca30c9e8a3d86d04ff083228ab1009f264",
                "sha256:6e1f5196f7d0c9f639e8183041925eb958a9c005a1200d38adc9b33058552662",
                "sha256:712207236dd64e13c4a72ae71cb8f698eb5deb7c1972f0bb61463540c7ed8fec",
                "sha256:78b8a3a2518a9ee5dd2dcea8dc965ced27c732460181a60b09b908d75ca40675",
                "sha256:7c881665aac2a38a9e455451935d3cc5954bbc684d4db807f5a4f69af532f51c",
                "sha256:88d43abd3610fe2dd4cb25e61705223da3f7ff615a694e6afda18a6873ebe781",
                "sha256:9f1537ec7c7d584224fe43a17f5bb3ca46ebe61240a849f5da03daf040cc7ea5",
                "sha256:a04ff8cfcdb042fb9855047713361d8f34274906c6e8ab50f3371da8e8e96012",
                "sha256:a17e779b74236b01b55e72dc8aaba9ed28164f834a63e049c6195f4072e3fbe9",
                "sha256:ab14c0005bf80682551b915e60a78504f625e57049e196cfa57cb0ad7e80327f",
                "sha256:b55675d1a845ce5284ec0de9c57fff24bdcce1ef1fa7aed350693d552824e3be",
                "sha256:c05506977ccafcbe320819cbeb26a9b7e6adf1c4be34c4c1e78ec4221d441469",
                "sha256:c1362a62a897f145df70f7277140ae097c8510a1f65092920e0af75932c98fd1",
                "sha256:c22ec81972c15a0123dff599bf8fc4393516980bf90ff387aa8511c4411bf7c0",
                "sha256:c7e747e91000690244877d17533498a4feb9ceeb32ab45117d88c23e9bbc34ed",
                "sha256:cdd477fd95a682ecbb72b95ae966fd89be0dafeed7940c3c96fa4561b1600f39",
                "sha256:d8e6ba1f57a9b85c6e1331e0a2ec2d667125d92c29aafe8006d4199500acec1e",
                "sha256:d94aa178334afcbb3cd1adfccc528c78a75e7d22e618c3bcccdf230b5fddf86d",
                "sha256:dc206587140151381b0ddedb538d053ac88e01d9da5c788ec406a9bc61046fbe",
                "sha256:dd4934118fd5f96f865189de78228db1a7e2cf7ad850f4fffedc15b56a78731d",
                "sha256:ee2e1ea04e6113dab46b184770178c5f0e6585709290685c95819731023d21ec",
                "sha256:eed92893fa99fa489693fb018543311ab05fe88daccb0d86417602aae63bc689",
                "sha256:f2c052ee95d2464c38aeb146963db3c9d14fc4d36775bf07884e47d5a3815a3d",
                "sha256:f5b4cb8f9f191f7a05aac8b188d4096af40f4221d4f8774ada4617ab0ae94661",
                "sha256:f9432040f88a8549950c414ab3ad04d63527d533414633faad61d87a3f1d69cc"
            ],
            "index": "pypi",
            "version": "==2.3.0"
        },
        "scipy": {
            "hashes": [
                "sha256:08d957ca82d3535b3b9ba6c8ff355d78fe975271874e2af267cb5add5bd78625",
                "sha256:249cfa465c379c9bb2c20123001e151ff5e29b351cbb7f9c91587260602c58d0",
                "sha256:366a6a937110d80dca4f63b3f5b00cc89d36f678b2d124a01067b154e692bab1",
                "sha256:39154437654260a52871dfde852adf1b93b1d1bc5dc0ffa70068f16ec0be2624",
                "sha256:396fae3f8c12ad14c5f3eb40499fd06a6fef8393a6baa352a652ecd51e74e029",
                "sha256:3b9963798df1d8a52db41a6fc0e6fa65b1c60e85d73da27ae8bb754de4792481",
                "sha256:3e8eb42db36526b130dfbc417609498a6192381abc1975b91e3eb238e0b41c1a",
                "sha256:512fdc18c65f76dadaca139348e525646d440220d8d05f6d21965b8d4466bccd",
                "sha256:aec8c62fbe52914f9cf28d846cf0401dd80ab80788bbab909434eb336ed07c04",
                "sha256:b41a0f322b4eb51b078cb3441e950ad661ede490c3aca66edef66f4b37ab1877",
                "sha256:b4bb943010203465ac81efa392e4645265077b4d9e99b66cf3ed33ae12254173",
                "sha256:b588311875c58d1acd4ef17c983b9f1ab5391755a47c3d70b6bd503a45bfaf71",
                "sha256:ba94eeef3c9caa4cea7b402a35bb02a5714ee1ee77eb98aca1eed4543beb0f4c",
                "sha256:be8c962a821957fdde8c4044efdab7a140c13294997a407eaee777acf63cbf0c",
                "sha256:cce154372f0ebe88556ed06d7b196e9c2e0c13080ecb58d0f35062dc7cc28b47",
                "sha256:d51565560565a0307ed06fa0ec4c6f21ff094947d4844d6068ed04400c72d0c3",
                "sha256:e866514bc2d660608447b6ba95c8900d591f2865c07cca0aa4f7ff3c4ca70f30",
                "sha256:fb5b492fa035334fd249f0973cc79ecad8b09c604b42a127a677b45a9a3d4289",
                "sha256:ffb28e3fa31b9c376d0fb1f74c1f13911c8c154a760312fbee87a21eb21efe31"
            ],
            "index": "pypi",
            "version": "==1.11.1"
        }
    },
    "develop": {
        "astroid": {
            "hashes": [
                "sha256:389656ca57b6108f939cf5d2f9a2a825a3be50ba9d589670f393236e0a03b91c",
                "sha256:903f024859b7c7687d7a7f3a3f73b17301f8e42dfd9cc9df9d4418172d3e2dbd"
            ],
            "markers": "python_full_version >= '3.7.2'",
            "version": "==2.15.6"
        },
        "black": {
            "hashes": [
                "sha256:2818cf72dfd5d289e48f37ccfa08b460bf469e67fb7c4abb07edc2e9f16fb63f",
                "sha256:41622020d7120e01d377f74249e677039d20e6344ff5851de8a10f11f513bf93",
                "sha256:4acf672def7eb1725f41f38bf6bf425c8237248bb0804faa3965c036f7672d11",
                "sha256:4be5bb28e090456adfc1255e03967fb67ca846a03be7aadf6249096100ee32d0",
                "sha256:4f1373a7808a8f135b774039f61d59e4be7eb56b2513d3d2f02a8b9365b8a8a9",
                "sha256:56f52cfbd3dabe2798d76dbdd299faa046a901041faf2cf33288bc4e6dae57b5",
                "sha256:65b76c275e4c1c5ce6e9870911384bff5ca31ab63d19c76811cb1fb162678213",
                "sha256:65c02e4ea2ae09d16314d30912a58ada9a5c4fdfedf9512d23326128ac08ac3d",
                "sha256:6905238a754ceb7788a73f02b45637d820b2f5478b20fec82ea865e4f5d4d9f7",
                "sha256:79dcf34b33e38ed1b17434693763301d7ccbd1c5860674a8f871bd15139e7837",
                "sha256:7bb041dca0d784697af4646d3b62ba4a6b028276ae878e53f6b4f74ddd6db99f",
                "sha256:7d5e026f8da0322b5662fa7a8e752b3fa2dac1c1cbc213c3d7ff9bdd0ab12395",
                "sha256:9f50ea1132e2189d8dff0115ab75b65590a3e97de1e143795adb4ce317934995",
                "sha256:a0c9c4a0771afc6919578cec71ce82a3e31e054904e7197deacbc9382671c41f",
                "sha256:aadf7a02d947936ee418777e0247ea114f78aff0d0959461057cae8a04f20597",
                "sha256:b5991d523eee14756f3c8d5df5231550ae8993e2286b8014e2fdea7156ed0959",
                "sha256:bf21b7b230718a5f08bd32d5e4f1db7fc8788345c8aea1d155fc17852b3410f5",
                "sha256:c45f8dff244b3c431b36e3224b6be4a127c6aca780853574c00faf99258041eb",
                "sha256:c7ed6668cbbfcd231fa0dc1b137d3e40c04c7f786e626b405c62bcd5db5857e4",
                "sha256:d7de8d330763c66663661a1ffd432274a2f92f07feeddd89ffd085b5744f85e7",
                "sha256:e19cb1c6365fd6dc38a6eae2dcb691d7d83935c10215aef8e6c38edee3f77abd",
                "sha256:e2af80566f43c85f5797365077fb64a393861a3730bd110971ab7a0c94e873e7"
            ],
            "index": "pypi",
            "markers": "python_version >= '3.8'",
            "version": "==24.3.0"
        },
        "click": {
            "hashes": [
                "sha256:ae74fb96c20a0277a1d615f1e4d73c8414f5a98db8b799a7931d1582f3390c28",
                "sha256:ca9853ad459e787e2192211578cc907e7594e294c7ccc834310722b41b9ca6de"
            ],
            "markers": "python_version >= '3.7'",
            "version": "==8.1.7"
        },
        "coverage": {
            "extras": [
                "toml"
            ],
            "hashes": [
                "sha256:06a9a2be0b5b576c3f18f1a241f0473575c4a26021b52b2a85263a00f034d51f",
                "sha256:06fb182e69f33f6cd1d39a6c597294cff3143554b64b9825d1dc69d18cc2fff2",
                "sha256:0a5f9e1dbd7fbe30196578ca36f3fba75376fb99888c395c5880b355e2875f8a",
                "sha256:0e1f928eaf5469c11e886fe0885ad2bf1ec606434e79842a879277895a50942a",
                "sha256:171717c7cb6b453aebac9a2ef603699da237f341b38eebfee9be75d27dc38e01",
                "sha256:1e9d683426464e4a252bf70c3498756055016f99ddaec3774bf368e76bbe02b6",
                "sha256:201e7389591af40950a6480bd9edfa8ed04346ff80002cec1a66cac4549c1ad7",
                "sha256:245167dd26180ab4c91d5e1496a30be4cd721a5cf2abf52974f965f10f11419f",
                "sha256:2aee274c46590717f38ae5e4650988d1af340fe06167546cc32fe2f58ed05b02",
                "sha256:2e07b54284e381531c87f785f613b833569c14ecacdcb85d56b25c4622c16c3c",
                "sha256:31563e97dae5598556600466ad9beea39fb04e0229e61c12eaa206e0aa202063",
                "sha256:33d6d3ea29d5b3a1a632b3c4e4f4ecae24ef170b0b9ee493883f2df10039959a",
                "sha256:3d376df58cc111dc8e21e3b6e24606b5bb5dee6024f46a5abca99124b2229ef5",
                "sha256:419bfd2caae268623dd469eff96d510a920c90928b60f2073d79f8fe2bbc5959",
                "sha256:48c19d2159d433ccc99e729ceae7d5293fbffa0bdb94952d3579983d1c8c9d97",
                "sha256:49969a9f7ffa086d973d91cec8d2e31080436ef0fb4a359cae927e742abfaaa6",
                "sha256:52edc1a60c0d34afa421c9c37078817b2e67a392cab17d97283b64c5833f427f",
                "sha256:537891ae8ce59ef63d0123f7ac9e2ae0fc8b72c7ccbe5296fec45fd68967b6c9",
                "sha256:54b896376ab563bd38453cecb813c295cf347cf5906e8b41d340b0321a5433e5",
                "sha256:58c2ccc2f00ecb51253cbe5d8d7122a34590fac9646a960d1430d5b15321d95f",
                "sha256:5b7540161790b2f28143191f5f8ec02fb132660ff175b7747b95dcb77ac26562",
                "sha256:5baa06420f837184130752b7c5ea0808762083bf3487b5038d68b012e5937dbe",
                "sha256:5e330fc79bd7207e46c7d7fd2bb4af2963f5f635703925543a70b99574b0fea9",
                "sha256:61b9a528fb348373c433e8966535074b802c7a5d7f23c4f421e6c6e2f1697a6f",
                "sha256:63426706118b7f5cf6bb6c895dc215d8a418d5952544042c8a2d9fe87fcf09cb",
                "sha256:6d040ef7c9859bb11dfeb056ff5b3872436e3b5e401817d87a31e1750b9ae2fb",
                "sha256:6f48351d66575f535669306aa7d6d6f71bc43372473b54a832222803eb956fd1",
                "sha256:7ee7d9d4822c8acc74a5e26c50604dff824710bc8de424904c0982e25c39c6cb",
                "sha256:81c13a1fc7468c40f13420732805a4c38a105d89848b7c10af65a90beff25250",
                "sha256:8d13c64ee2d33eccf7437961b6ea7ad8673e2be040b4f7fd4fd4d4d28d9ccb1e",
                "sha256:8de8bb0e5ad103888d65abef8bca41ab93721647590a3f740100cd65c3b00511",
                "sha256:8fa03bce9bfbeeef9f3b160a8bed39a221d82308b4152b27d82d8daa7041fee5",
                "sha256:924d94291ca674905fe9481f12294eb11f2d3d3fd1adb20314ba89e94f44ed59",
                "sha256:975d70ab7e3c80a3fe86001d8751f6778905ec723f5b110aed1e450da9d4b7f2",
                "sha256:976b9c42fb2a43ebf304fa7d4a310e5f16cc99992f33eced91ef6f908bd8f33d",
                "sha256:9e31cb64d7de6b6f09702bb27c02d1904b3aebfca610c12772452c4e6c21a0d3",
                "sha256:a342242fe22407f3c17f4b499276a02b01e80f861f1682ad1d95b04018e0c0d4",
                "sha256:a3d33a6b3eae87ceaefa91ffdc130b5e8536182cd6dfdbfc1aa56b46ff8c86de",
                "sha256:a895fcc7b15c3fc72beb43cdcbdf0ddb7d2ebc959edac9cef390b0d14f39f8a9",
                "sha256:afb17f84d56068a7c29f5fa37bfd38d5aba69e3304af08ee94da8ed5b0865833",
                "sha256:b1c546aca0ca4d028901d825015dc8e4d56aac4b541877690eb76490f1dc8ed0",
                "sha256:b29019c76039dc3c0fd815c41392a044ce555d9bcdd38b0fb60fb4cd8e475ba9",
                "sha256:b46517c02ccd08092f4fa99f24c3b83d8f92f739b4657b0f146246a0ca6a831d",
                "sha256:b7aa5f8a41217360e600da646004f878250a0d6738bcdc11a0a39928d7dc2050",
                "sha256:b7b4c971f05e6ae490fef852c218b0e79d4e52f79ef0c8475566584a8fb3e01d",
                "sha256:ba90a9563ba44a72fda2e85302c3abc71c5589cea608ca16c22b9804262aaeb6",
                "sha256:cb017fd1b2603ef59e374ba2063f593abe0fc45f2ad9abdde5b4d83bd922a353",
                "sha256:d22656368f0e6189e24722214ed8d66b8022db19d182927b9a248a2a8a2f67eb",
                "sha256:d2c2db7fd82e9b72937969bceac4d6ca89660db0a0967614ce2481e81a0b771e",
                "sha256:d39b5b4f2a66ccae8b7263ac3c8170994b65266797fb96cbbfd3fb5b23921db8",
                "sha256:d62a5c7dad11015c66fbb9d881bc4caa5b12f16292f857842d9d1871595f4495",
                "sha256:e7d9405291c6928619403db1d10bd07888888ec1abcbd9748fdaa971d7d661b2",
                "sha256:e84606b74eb7de6ff581a7915e2dab7a28a0517fbe1c9239eb227e1354064dcd",
                "sha256:eb393e5ebc85245347950143969b241d08b52b88a3dc39479822e073a1a8eb27",
                "sha256:ebba1cd308ef115925421d3e6a586e655ca5a77b5bf41e02eb0e4562a111f2d1",
                "sha256:ee57190f24fba796e36bb6d3aa8a8783c643d8fa9760c89f7a98ab5455fbf818",
                "sha256:f2f67fe12b22cd130d34d0ef79206061bfb5eda52feb6ce0dba0644e20a03cf4",
                "sha256:f6951407391b639504e3b3be51b7ba5f3528adbf1a8ac3302b687ecababf929e",
                "sha256:f75f7168ab25dd93110c8a8117a22450c19976afbc44234cbf71481094c1b850",
                "sha256:fdec9e8cbf13a5bf63290fc6013d216a4c7232efb51548594ca3631a7f13c3a3"
            ],
            "markers": "python_version >= '3.7'",
            "version": "==7.2.7"
        },
        "dill": {
            "hashes": [
                "sha256:a07ffd2351b8c678dfc4a856a3005f8067aea51d6ba6c700796a4d9e280f39f0",
                "sha256:e5db55f3687856d8fbdab002ed78544e1c4559a130302693d839dfe8f93f2373"
            ],
            "markers": "python_version >= '3.11'",
            "version": "==0.3.6"
        },
        "iniconfig": {
            "hashes": [
                "sha256:2d91e135bf72d31a410b17c16da610a82cb55f6b0477d1a902134b24a455b8b3",
                "sha256:b6a85871a79d2e3b22d2d1b94ac2824226a63c6b741c88f7ae975f18b6778374"
            ],
            "markers": "python_version >= '3.7'",
            "version": "==2.0.0"
        },
        "isort": {
            "hashes": [
                "sha256:8bef7dde241278824a6d83f44a544709b065191b95b6e50894bdc722fcba0504",
                "sha256:f84c2818376e66cf843d497486ea8fed8700b340f308f076c6fb1229dff318b6"
            ],
            "index": "pypi",
            "version": "==5.12.0"
        },
        "lazy-object-proxy": {
            "hashes": [
                "sha256:09763491ce220c0299688940f8dc2c5d05fd1f45af1e42e636b2e8b2303e4382",
                "sha256:0a891e4e41b54fd5b8313b96399f8b0e173bbbfc03c7631f01efbe29bb0bcf82",
                "sha256:189bbd5d41ae7a498397287c408617fe5c48633e7755287b21d741f7db2706a9",
                "sha256:18b78ec83edbbeb69efdc0e9c1cb41a3b1b1ed11ddd8ded602464c3fc6020494",
                "sha256:1aa3de4088c89a1b69f8ec0dcc169aa725b0ff017899ac568fe44ddc1396df46",
                "sha256:212774e4dfa851e74d393a2370871e174d7ff0ebc980907723bb67d25c8a7c30",
                "sha256:2d0daa332786cf3bb49e10dc6a17a52f6a8f9601b4cf5c295a4f85854d61de63",
                "sha256:5f83ac4d83ef0ab017683d715ed356e30dd48a93746309c8f3517e1287523ef4",
                "sha256:659fb5809fa4629b8a1ac5106f669cfc7bef26fbb389dda53b3e010d1ac4ebae",
                "sha256:660c94ea760b3ce47d1855a30984c78327500493d396eac4dfd8bd82041b22be",
                "sha256:66a3de4a3ec06cd8af3f61b8e1ec67614fbb7c995d02fa224813cb7afefee701",
                "sha256:721532711daa7db0d8b779b0bb0318fa87af1c10d7fe5e52ef30f8eff254d0cd",
                "sha256:7322c3d6f1766d4ef1e51a465f47955f1e8123caee67dd641e67d539a534d006",
                "sha256:79a31b086e7e68b24b99b23d57723ef7e2c6d81ed21007b6281ebcd1688acb0a",
                "sha256:81fc4d08b062b535d95c9ea70dbe8a335c45c04029878e62d744bdced5141586",
                "sha256:8fa02eaab317b1e9e03f69aab1f91e120e7899b392c4fc19807a8278a07a97e8",
                "sha256:9090d8e53235aa280fc9239a86ae3ea8ac58eff66a705fa6aa2ec4968b95c821",
                "sha256:946d27deaff6cf8452ed0dba83ba38839a87f4f7a9732e8f9fd4107b21e6ff07",
                "sha256:9990d8e71b9f6488e91ad25f322898c136b008d87bf852ff65391b004da5e17b",
                "sha256:9cd077f3d04a58e83d04b20e334f678c2b0ff9879b9375ed107d5d07ff160171",
                "sha256:9e7551208b2aded9c1447453ee366f1c4070602b3d932ace044715d89666899b",
                "sha256:9f5fa4a61ce2438267163891961cfd5e32ec97a2c444e5b842d574251ade27d2",
                "sha256:b40387277b0ed2d0602b8293b94d7257e17d1479e257b4de114ea11a8cb7f2d7",
                "sha256:bfb38f9ffb53b942f2b5954e0f610f1e721ccebe9cce9025a38c8ccf4a5183a4",
                "sha256:cbf9b082426036e19c6924a9ce90c740a9861e2bdc27a4834fd0a910742ac1e8",
                "sha256:d9e25ef10a39e8afe59a5c348a4dbf29b4868ab76269f81ce1674494e2565a6e",
                "sha256:db1c1722726f47e10e0b5fdbf15ac3b8adb58c091d12b3ab713965795036985f",
                "sha256:e7c21c95cae3c05c14aafffe2865bbd5e377cfc1348c4f7751d9dc9a48ca4bda",
                "sha256:e8c6cfb338b133fbdbc5cfaa10fe3c6aeea827db80c978dbd13bc9dd8526b7d4",
                "sha256:ea806fd4c37bf7e7ad82537b0757999264d5f70c45468447bb2b91afdbe73a6e",
                "sha256:edd20c5a55acb67c7ed471fa2b5fb66cb17f61430b7a6b9c3b4a1e40293b1671",
                "sha256:f0117049dd1d5635bbff65444496c90e0baa48ea405125c088e93d9cf4525b11",
                "sha256:f0705c376533ed2a9e5e97aacdbfe04cecd71e0aa84c7c0595d02ef93b6e4455",
                "sha256:f12ad7126ae0c98d601a7ee504c1122bcef553d1d5e0c3bfa77b16b3968d2734",
                "sha256:f2457189d8257dd41ae9b434ba33298aec198e30adf2dcdaaa3a28b9994f6adb",
                "sha256:f699ac1c768270c9e384e4cbd268d6e67aebcfae6cd623b4d7c3bfde5a35db59"
            ],
            "markers": "python_version >= '3.7'",
            "version": "==1.9.0"
        },
        "markdown-it-py": {
            "hashes": [
                "sha256:355216845c60bd96232cd8d8c40e8f9765cc86f46880e43a8fd22dc1a1a8cab1",
                "sha256:e3f60a94fa066dc52ec76661e37c851cb232d92f9886b15cb560aaada2df8feb"
            ],
            "markers": "python_version >= '3.8'",
            "version": "==3.0.0"
        },
        "mccabe": {
            "hashes": [
                "sha256:348e0240c33b60bbdf4e523192ef919f28cb2c3d7d5c7794f74009290f236325",
                "sha256:6c2d30ab6be0e4a46919781807b4f0d834ebdd6c6e3dca0bda5a15f863427b6e"
            ],
            "markers": "python_version >= '3.6'",
            "version": "==0.7.0"
        },
        "mdurl": {
            "hashes": [
                "sha256:84008a41e51615a49fc9966191ff91509e3c40b939176e643fd50a5c2196b8f8",
                "sha256:bb413d29f5eea38f31dd4754dd7377d4465116fb207585f97bf925588687c1ba"
            ],
            "markers": "python_version >= '3.7'",
            "version": "==0.1.2"
        },
        "mypy-extensions": {
            "hashes": [
                "sha256:4392f6c0eb8a5668a69e23d168ffa70f0be9ccfd32b5cc2d26a34ae5b844552d",
                "sha256:75dbf8955dc00442a438fc4d0666508a9a97b6bd41aa2f0ffe9d2f2725af0782"
            ],
            "markers": "python_version >= '3.5'",
            "version": "==1.0.0"
        },
        "packaging": {
            "hashes": [
                "sha256:2ddfb553fdf02fb784c234c7ba6ccc288296ceabec964ad2eae3777778130bc5",
                "sha256:eb82c5e3e56209074766e6885bb04b8c38a0c015d0a30036ebe7ece34c9989e9"
            ],
            "markers": "python_version >= '3.7'",
            "version": "==24.0"
        },
        "pathspec": {
            "hashes": [
                "sha256:a0d503e138a4c123b27490a4f7beda6a01c6f288df0e4a8b79c7eb0dc7b4cc08",
                "sha256:a482d51503a1ab33b1c67a6c3813a26953dbdc71c31dacaef9a838c4e29f5712"
            ],
            "markers": "python_version >= '3.8'",
            "version": "==0.12.1"
        },
        "platformdirs": {
            "hashes": [
                "sha256:0614df2a2f37e1a662acbd8e2b25b92ccf8632929bc6d43467e17fe89c75e068",
                "sha256:ef0cc731df711022c174543cb70a9b5bd22e5a9337c8624ef2c2ceb8ddad8768"
            ],
            "markers": "python_version >= '3.8'",
            "version": "==4.2.0"
        },
        "pluggy": {
            "hashes": [
                "sha256:c2fd55a7d7a3863cba1a013e4e2414658b1d07b6bc57b3919e0c63c9abb99849",
                "sha256:d12f0c4b579b15f5e054301bb226ee85eeeba08ffec228092f8defbaa3a4c4b3"
            ],
            "markers": "python_version >= '3.7'",
            "version": "==1.2.0"
        },
        "pygments": {
            "hashes": [
                "sha256:8ace4d3c1dd481894b2005f560ead0f9f19ee64fe983366be1a21e171d12775c",
                "sha256:db2db3deb4b4179f399a09054b023b6a586b76499d36965813c71aa8ed7b5fd1"
            ],
            "markers": "python_version >= '3.7'",
            "version": "==2.15.1"
        },
        "pylint": {
            "hashes": [
                "sha256:5dcf1d9e19f41f38e4e85d10f511e5b9c35e1aa74251bf95cdd8cb23584e2db1",
                "sha256:7a1145fb08c251bdb5cca11739722ce64a63db479283d10ce718b2460e54123c"
            ],
            "index": "pypi",
            "version": "==2.17.4"
        },
        "pytest": {
            "hashes": [
                "sha256:78bf16451a2eb8c7a2ea98e32dc119fd2aa758f1d5d66dbf0a59d69a3969df32",
                "sha256:b4bf8c45bd59934ed84001ad51e11b4ee40d40a1229d2c79f9c592b0a3f6bd8a"
            ],
            "index": "pypi",
            "version": "==7.4.0"
        },
        "pytest-cov": {
            "hashes": [
                "sha256:3904b13dfbfec47f003b8e77fd5b589cd11904a21ddf1ab38a64f204d6a10ef6",
                "sha256:6ba70b9e97e69fcc3fb45bfeab2d0a138fb65c4d0d6a41ef33983ad114be8c3a"
            ],
            "index": "pypi",
            "version": "==4.1.0"
        },
        "rich": {
            "hashes": [
                "sha256:8f87bc7ee54675732fa66a05ebfe489e27264caeeff3728c945d25971b6485ec",
                "sha256:d653d6bccede5844304c605d5aac802c7cf9621efd700b46c7ec2b51ea914898"
            ],
            "index": "pypi",
            "version": "==13.4.2"
        },
        "tomlkit": {
            "hashes": [
                "sha256:8c726c4c202bdb148667835f68d68780b9a003a9ec34167b6c673b38eff2a171",
                "sha256:9330fc7faa1db67b541b28e62018c17d20be733177d290a13b24c62d1614e0c3"
            ],
            "markers": "python_version >= '3.7'",
            "version": "==0.11.8"
        },
        "wrapt": {
            "hashes": [
                "sha256:02fce1852f755f44f95af51f69d22e45080102e9d00258053b79367d07af39c0",
                "sha256:077ff0d1f9d9e4ce6476c1a924a3332452c1406e59d90a2cf24aeb29eeac9420",
                "sha256:078e2a1a86544e644a68422f881c48b84fef6d18f8c7a957ffd3f2e0a74a0d4a",
                "sha256:0970ddb69bba00670e58955f8019bec4a42d1785db3faa043c33d81de2bf843c",
                "sha256:1286eb30261894e4c70d124d44b7fd07825340869945c79d05bda53a40caa079",
                "sha256:21f6d9a0d5b3a207cdf7acf8e58d7d13d463e639f0c7e01d82cdb671e6cb7923",
                "sha256:230ae493696a371f1dbffaad3dafbb742a4d27a0afd2b1aecebe52b740167e7f",
                "sha256:26458da5653aa5b3d8dc8b24192f574a58984c749401f98fff994d41d3f08da1",
                "sha256:2cf56d0e237280baed46f0b5316661da892565ff58309d4d2ed7dba763d984b8",
                "sha256:2e51de54d4fb8fb50d6ee8327f9828306a959ae394d3e01a1ba8b2f937747d86",
                "sha256:2fbfbca668dd15b744418265a9607baa970c347eefd0db6a518aaf0cfbd153c0",
                "sha256:38adf7198f8f154502883242f9fe7333ab05a5b02de7d83aa2d88ea621f13364",
                "sha256:3a8564f283394634a7a7054b7983e47dbf39c07712d7b177b37e03f2467a024e",
                "sha256:3abbe948c3cbde2689370a262a8d04e32ec2dd4f27103669a45c6929bcdbfe7c",
                "sha256:3bbe623731d03b186b3d6b0d6f51865bf598587c38d6f7b0be2e27414f7f214e",
                "sha256:40737a081d7497efea35ab9304b829b857f21558acfc7b3272f908d33b0d9d4c",
                "sha256:41d07d029dd4157ae27beab04d22b8e261eddfc6ecd64ff7000b10dc8b3a5727",
                "sha256:46ed616d5fb42f98630ed70c3529541408166c22cdfd4540b88d5f21006b0eff",
                "sha256:493d389a2b63c88ad56cdc35d0fa5752daac56ca755805b1b0c530f785767d5e",
                "sha256:4ff0d20f2e670800d3ed2b220d40984162089a6e2c9646fdb09b85e6f9a8fc29",
                "sha256:54accd4b8bc202966bafafd16e69da9d5640ff92389d33d28555c5fd4f25ccb7",
                "sha256:56374914b132c702aa9aa9959c550004b8847148f95e1b824772d453ac204a72",
                "sha256:578383d740457fa790fdf85e6d346fda1416a40549fe8db08e5e9bd281c6a475",
                "sha256:58d7a75d731e8c63614222bcb21dd992b4ab01a399f1f09dd82af17bbfc2368a",
                "sha256:5c5aa28df055697d7c37d2099a7bc09f559d5053c3349b1ad0c39000e611d317",
                "sha256:5fc8e02f5984a55d2c653f5fea93531e9836abbd84342c1d1e17abc4a15084c2",
                "sha256:63424c681923b9f3bfbc5e3205aafe790904053d42ddcc08542181a30a7a51bd",
                "sha256:64b1df0f83706b4ef4cfb4fb0e4c2669100fd7ecacfb59e091fad300d4e04640",
                "sha256:74934ebd71950e3db69960a7da29204f89624dde411afbfb3b4858c1409b1e98",
                "sha256:75669d77bb2c071333417617a235324a1618dba66f82a750362eccbe5b61d248",
                "sha256:75760a47c06b5974aa5e01949bf7e66d2af4d08cb8c1d6516af5e39595397f5e",
                "sha256:76407ab327158c510f44ded207e2f76b657303e17cb7a572ffe2f5a8a48aa04d",
                "sha256:76e9c727a874b4856d11a32fb0b389afc61ce8aaf281ada613713ddeadd1cfec",
                "sha256:77d4c1b881076c3ba173484dfa53d3582c1c8ff1f914c6461ab70c8428b796c1",
                "sha256:780c82a41dc493b62fc5884fb1d3a3b81106642c5c5c78d6a0d4cbe96d62ba7e",
                "sha256:7dc0713bf81287a00516ef43137273b23ee414fe41a3c14be10dd95ed98a2df9",
                "sha256:7eebcdbe3677e58dd4c0e03b4f2cfa346ed4049687d839adad68cc38bb559c92",
                "sha256:896689fddba4f23ef7c718279e42f8834041a21342d95e56922e1c10c0cc7afb",
                "sha256:96177eb5645b1c6985f5c11d03fc2dbda9ad24ec0f3a46dcce91445747e15094",
                "sha256:96e25c8603a155559231c19c0349245eeb4ac0096fe3c1d0be5c47e075bd4f46",
                "sha256:9d37ac69edc5614b90516807de32d08cb8e7b12260a285ee330955604ed9dd29",
                "sha256:9ed6aa0726b9b60911f4aed8ec5b8dd7bf3491476015819f56473ffaef8959bd",
                "sha256:a487f72a25904e2b4bbc0817ce7a8de94363bd7e79890510174da9d901c38705",
                "sha256:a4cbb9ff5795cd66f0066bdf5947f170f5d63a9274f99bdbca02fd973adcf2a8",
                "sha256:a74d56552ddbde46c246b5b89199cb3fd182f9c346c784e1a93e4dc3f5ec9975",
                "sha256:a89ce3fd220ff144bd9d54da333ec0de0399b52c9ac3d2ce34b569cf1a5748fb",
                "sha256:abd52a09d03adf9c763d706df707c343293d5d106aea53483e0ec8d9e310ad5e",
                "sha256:abd8f36c99512755b8456047b7be10372fca271bf1467a1caa88db991e7c421b",
                "sha256:af5bd9ccb188f6a5fdda9f1f09d9f4c86cc8a539bd48a0bfdc97723970348418",
                "sha256:b02f21c1e2074943312d03d243ac4388319f2456576b2c6023041c4d57cd7019",
                "sha256:b06fa97478a5f478fb05e1980980a7cdf2712015493b44d0c87606c1513ed5b1",
                "sha256:b0724f05c396b0a4c36a3226c31648385deb6a65d8992644c12a4963c70326ba",
                "sha256:b130fe77361d6771ecf5a219d8e0817d61b236b7d8b37cc045172e574ed219e6",
                "sha256:b56d5519e470d3f2fe4aa7585f0632b060d532d0696c5bdfb5e8319e1d0f69a2",
                "sha256:b67b819628e3b748fd3c2192c15fb951f549d0f47c0449af0764d7647302fda3",
                "sha256:ba1711cda2d30634a7e452fc79eabcadaffedf241ff206db2ee93dd2c89a60e7",
                "sha256:bbeccb1aa40ab88cd29e6c7d8585582c99548f55f9b2581dfc5ba68c59a85752",
                "sha256:bd84395aab8e4d36263cd1b9308cd504f6cf713b7d6d3ce25ea55670baec5416",
                "sha256:c99f4309f5145b93eca6e35ac1a988f0dc0a7ccf9ccdcd78d3c0adf57224e62f",
                "sha256:ca1cccf838cd28d5a0883b342474c630ac48cac5df0ee6eacc9c7290f76b11c1",
                "sha256:cd525e0e52a5ff16653a3fc9e3dd827981917d34996600bbc34c05d048ca35cc",
                "sha256:cdb4f085756c96a3af04e6eca7f08b1345e94b53af8921b25c72f096e704e145",
                "sha256:ce42618f67741d4697684e501ef02f29e758a123aa2d669e2d964ff734ee00ee",
                "sha256:d06730c6aed78cee4126234cf2d071e01b44b915e725a6cb439a879ec9754a3a",
                "sha256:d5fe3e099cf07d0fb5a1e23d399e5d4d1ca3e6dfcbe5c8570ccff3e9208274f7",
                "sha256:d6bcbfc99f55655c3d93feb7ef3800bd5bbe963a755687cbf1f490a71fb7794b",
                "sha256:d787272ed958a05b2c86311d3a4135d3c2aeea4fc655705f074130aa57d71653",
                "sha256:e169e957c33576f47e21864cf3fc9ff47c223a4ebca8960079b8bd36cb014fd0",
                "sha256:e20076a211cd6f9b44a6be58f7eeafa7ab5720eb796975d0c03f05b47d89eb90",
                "sha256:e826aadda3cae59295b95343db8f3d965fb31059da7de01ee8d1c40a60398b29",
                "sha256:eef4d64c650f33347c1f9266fa5ae001440b232ad9b98f1f43dfe7a79435c0a6",
                "sha256:f2e69b3ed24544b0d3dbe2c5c0ba5153ce50dcebb576fdc4696d52aa22db6034",
                "sha256:f87ec75864c37c4c6cb908d282e1969e79763e0d9becdfe9fe5473b7bb1e5f09",
                "sha256:fbec11614dba0424ca72f4e8ba3c420dba07b4a7c206c8c8e4e73f2e98f4c559",
                "sha256:fd69666217b62fa5d7c6aa88e507493a34dec4fa20c5bd925e4bc12fce586639"
            ],
            "markers": "python_version >= '3.11'",
            "version": "==1.15.0"
        }
    }
}
